lockfileVersion: '9.0'

settings:
  autoInstallPeers: true
  excludeLinksFromLockfile: false

importers:

  .:
    dependencies:
      '@swc-node/register':
        specifier: ^1.10.10
        version: 1.10.10(@swc/core@1.11.11)(@swc/types@0.1.19)(typescript@5.7.2)
      '@types/node':
        specifier: ^20.17.24
        version: 20.17.24
      piscina:
        specifier: ^4.9.2
        version: 4.9.2
      typescript:
        specifier: 5.7.2
        version: 5.7.2

packages:

  '@emnapi/core@1.3.1':
    resolution: {integrity: sha512-pVGjBIt1Y6gg3EJN8jTcfpP/+uuRksIo055oE/OBkDNcjZqVbfkWCksG1Jp4yZnj3iKWyWX8fdG/j6UDYPbFog==}

  '@emnapi/runtime@1.3.1':
    resolution: {integrity: sha512-kEBmG8KyqtxJZv+ygbEim+KCGtIq1fC22Ms3S4ziXmYKm8uyoLX0MHONVKwp+9opg390VaKRNt4a7A9NwmpNhw==}

  '@emnapi/wasi-threads@1.0.1':
    resolution: {integrity: sha512-iIBu7mwkq4UQGeMEM8bLwNK962nXdhodeScX4slfQnRhEMMzvYivHhutCIk8uojvmASXXPC2WNEjwxFWk72Oqw==}

  '@napi-rs/nice-android-arm-eabi@1.0.1':
    resolution: {integrity: sha512-5qpvOu5IGwDo7MEKVqqyAxF90I6aLj4n07OzpARdgDRfz8UbBztTByBp0RC59r3J1Ij8uzYi6jI7r5Lws7nn6w==}
    engines: {node: '>= 10'}
    cpu: [arm]
    os: [android]

  '@napi-rs/nice-android-arm64@1.0.1':
    resolution: {integrity: sha512-GqvXL0P8fZ+mQqG1g0o4AO9hJjQaeYG84FRfZaYjyJtZZZcMjXW5TwkL8Y8UApheJgyE13TQ4YNUssQaTgTyvA==}
    engines: {node: '>= 10'}
    cpu: [arm64]
    os: [android]

  '@napi-rs/nice-darwin-arm64@1.0.1':
    resolution: {integrity: sha512-91k3HEqUl2fsrz/sKkuEkscj6EAj3/eZNCLqzD2AA0TtVbkQi8nqxZCZDMkfklULmxLkMxuUdKe7RvG/T6s2AA==}
    engines: {node: '>= 10'}
    cpu: [arm64]
    os: [darwin]

  '@napi-rs/nice-darwin-x64@1.0.1':
    resolution: {integrity: sha512-jXnMleYSIR/+TAN/p5u+NkCA7yidgswx5ftqzXdD5wgy/hNR92oerTXHc0jrlBisbd7DpzoaGY4cFD7Sm5GlgQ==}
    engines: {node: '>= 10'}
    cpu: [x64]
    os: [darwin]

  '@napi-rs/nice-freebsd-x64@1.0.1':
    resolution: {integrity: sha512-j+iJ/ezONXRQsVIB/FJfwjeQXX7A2tf3gEXs4WUGFrJjpe/z2KB7sOv6zpkm08PofF36C9S7wTNuzHZ/Iiccfw==}
    engines: {node: '>= 10'}
    cpu: [x64]
    os: [freebsd]

  '@napi-rs/nice-linux-arm-gnueabihf@1.0.1':
    resolution: {integrity: sha512-G8RgJ8FYXYkkSGQwywAUh84m946UTn6l03/vmEXBYNJxQJcD+I3B3k5jmjFG/OPiU8DfvxutOP8bi+F89MCV7Q==}
    engines: {node: '>= 10'}
    cpu: [arm]
    os: [linux]

  '@napi-rs/nice-linux-arm64-gnu@1.0.1':
    resolution: {integrity: sha512-IMDak59/W5JSab1oZvmNbrms3mHqcreaCeClUjwlwDr0m3BoR09ZiN8cKFBzuSlXgRdZ4PNqCYNeGQv7YMTjuA==}
    engines: {node: '>= 10'}
    cpu: [arm64]
    os: [linux]

  '@napi-rs/nice-linux-arm64-musl@1.0.1':
    resolution: {integrity: sha512-wG8fa2VKuWM4CfjOjjRX9YLIbysSVV1S3Kgm2Fnc67ap/soHBeYZa6AGMeR5BJAylYRjnoVOzV19Cmkco3QEPw==}
    engines: {node: '>= 10'}
    cpu: [arm64]
    os: [linux]

  '@napi-rs/nice-linux-ppc64-gnu@1.0.1':
    resolution: {integrity: sha512-lxQ9WrBf0IlNTCA9oS2jg/iAjQyTI6JHzABV664LLrLA/SIdD+I1i3Mjf7TsnoUbgopBcCuDztVLfJ0q9ubf6Q==}
    engines: {node: '>= 10'}
    cpu: [ppc64]
    os: [linux]

  '@napi-rs/nice-linux-riscv64-gnu@1.0.1':
    resolution: {integrity: sha512-3xs69dO8WSWBb13KBVex+yvxmUeEsdWexxibqskzoKaWx9AIqkMbWmE2npkazJoopPKX2ULKd8Fm9veEn0g4Ig==}
    engines: {node: '>= 10'}
    cpu: [riscv64]
    os: [linux]

  '@napi-rs/nice-linux-s390x-gnu@1.0.1':
    resolution: {integrity: sha512-lMFI3i9rlW7hgToyAzTaEybQYGbQHDrpRkg+1gJWEpH0PLAQoZ8jiY0IzakLfNWnVda1eTYYlxxFYzW8Rqczkg==}
    engines: {node: '>= 10'}
    cpu: [s390x]
    os: [linux]

  '@napi-rs/nice-linux-x64-gnu@1.0.1':
    resolution: {integrity: sha512-XQAJs7DRN2GpLN6Fb+ZdGFeYZDdGl2Fn3TmFlqEL5JorgWKrQGRUrpGKbgZ25UeZPILuTKJ+OowG2avN8mThBA==}
    engines: {node: '>= 10'}
    cpu: [x64]
    os: [linux]

  '@napi-rs/nice-linux-x64-musl@1.0.1':
    resolution: {integrity: sha512-/rodHpRSgiI9o1faq9SZOp/o2QkKQg7T+DK0R5AkbnI/YxvAIEHf2cngjYzLMQSQgUhxym+LFr+UGZx4vK4QdQ==}
    engines: {node: '>= 10'}
    cpu: [x64]
    os: [linux]

  '@napi-rs/nice-win32-arm64-msvc@1.0.1':
    resolution: {integrity: sha512-rEcz9vZymaCB3OqEXoHnp9YViLct8ugF+6uO5McifTedjq4QMQs3DHz35xBEGhH3gJWEsXMUbzazkz5KNM5YUg==}
    engines: {node: '>= 10'}
    cpu: [arm64]
    os: [win32]

  '@napi-rs/nice-win32-ia32-msvc@1.0.1':
    resolution: {integrity: sha512-t7eBAyPUrWL8su3gDxw9xxxqNwZzAqKo0Szv3IjVQd1GpXXVkb6vBBQUuxfIYaXMzZLwlxRQ7uzM2vdUE9ULGw==}
    engines: {node: '>= 10'}
    cpu: [ia32]
    os: [win32]

  '@napi-rs/nice-win32-x64-msvc@1.0.1':
    resolution: {integrity: sha512-JlF+uDcatt3St2ntBG8H02F1mM45i5SF9W+bIKiReVE6wiy3o16oBP/yxt+RZ+N6LbCImJXJ6bXNO2kn9AXicg==}
    engines: {node: '>= 10'}
    cpu: [x64]
    os: [win32]

  '@napi-rs/nice@1.0.1':
    resolution: {integrity: sha512-zM0mVWSXE0a0h9aKACLwKmD6nHcRiKrPpCfvaKqG1CqDEyjEawId0ocXxVzPMCAm6kkWr2P025msfxXEnt8UGQ==}
    engines: {node: '>= 10'}

  '@napi-rs/wasm-runtime@0.2.7':
    resolution: {integrity: sha512-5yximcFK5FNompXfJFoWanu5l8v1hNGqNHh9du1xETp9HWk/B/PzvchX55WYOPaIeNglG8++68AAiauBAtbnzw==}

  '@oxc-resolver/binding-darwin-arm64@5.0.1':
    resolution: {integrity: sha512-lY5mi+6ztYGM9tiyMhHbzZteE7LFaexu9PjDL2N0stCNuGkSHO1eeeabi2ckxGWBbu9EW01XovbQqir12NbA6A==}
    cpu: [arm64]
    os: [darwin]

  '@oxc-resolver/binding-darwin-x64@5.0.1':
    resolution: {integrity: sha512-wHKdPB2Q0dMVQy6b5depG8IGI0Y37CIUTZYrZDYEGMT3X481DAJjp6AIVVHQeolEZzy+lWrpUQdGPy0dQnt7IA==}
    cpu: [x64]
    os: [darwin]

  '@oxc-resolver/binding-freebsd-x64@5.0.1':
    resolution: {integrity: sha512-TchNkHMASh2vZ2/FH71zqgAUNYuAlP8Bm1ocSnt7UVV43jZ9kG8HtQFc3AsYeVGzw06LZoeE3mVdSQVXUZhgzA==}
    cpu: [x64]
    os: [freebsd]

  '@oxc-resolver/binding-linux-arm-gnueabihf@5.0.1':
    resolution: {integrity: sha512-JhqYi6uTSYflXSDNG/ZPTvBUcvcPR+vr/09XLdWJpZfEYzpPEEr7YQ2ogiOfZVUmCZOJWVOP8jJdv735j46a5w==}
    cpu: [arm]
    os: [linux]

  '@oxc-resolver/binding-linux-arm64-gnu@5.0.1':
    resolution: {integrity: sha512-W2OXq25tYiFVhi0Eioc9b+KWnaK2Hj7x/eW2u6r6u4afd1cQ09U+o5u98jrj1rxowSOTfFyiKqMqQOrS4PAlFg==}
    cpu: [arm64]
    os: [linux]

  '@oxc-resolver/binding-linux-arm64-musl@5.0.1':
    resolution: {integrity: sha512-dYaXmy90L5fTpH0mWmWvsf5PC9me5Lyjcj5vOQYNVedSQUavGMbQ+sKOWOTAFIpS8xzzIhYRdLI7oj4WV9S2bQ==}
    cpu: [arm64]
    os: [linux]

  '@oxc-resolver/binding-linux-x64-gnu@5.0.1':
    resolution: {integrity: sha512-lOgcxgtV7nM4TjolWgW9qk05iDQE2GGZTx2Zr+Jj+4GqdIhkkGpbqyGPJx2FRsY6kXhyaA9eOad4Bldfo8vAaw==}
    cpu: [x64]
    os: [linux]

  '@oxc-resolver/binding-linux-x64-musl@5.0.1':
    resolution: {integrity: sha512-3Pg8eSolVs3hy3xoqkjCgoIC1uHKPAUY0rs4QX+KtsPMOZ7iO5b3JBbJHl+ZDIeuzE8dkSRG7aIuCNVonp5G1Q==}
    cpu: [x64]
    os: [linux]

  '@oxc-resolver/binding-wasm32-wasi@5.0.1':
    resolution: {integrity: sha512-rBEgV5AW5obb6ATeNUSUouW0FzpoADOweTYblprko+Cv6rW1NSQGzGxD6o6jhIk4yV7/CZBwBWAkz9xpL5JSUQ==}
    engines: {node: '>=14.0.0'}
    cpu: [wasm32]

  '@oxc-resolver/binding-win32-arm64-msvc@5.0.1':
    resolution: {integrity: sha512-okHg9C+z+2tCGKPszYVJDTZKhPHta7xKvhw0WMWPLTz9wbBMmHTuY9vVpgvFGhTU3N5iQ56LPollnSPtjvObCw==}
    cpu: [arm64]
    os: [win32]

  '@oxc-resolver/binding-win32-x64-msvc@5.0.1':
    resolution: {integrity: sha512-ODlCn4Pbd0HEWMixonax1uJtNCG4lEne6Jq98iUsmwSibQYcBzutxPed1qhLKur6KtCsYYa4LtRxys7e/5lZwQ==}
    cpu: [x64]
    os: [win32]

  '@swc-node/core@1.13.3':
    resolution: {integrity: sha512-OGsvXIid2Go21kiNqeTIn79jcaX4l0G93X2rAnas4LFoDyA9wAwVK7xZdm+QsKoMn5Mus2yFLCc4OtX2dD/PWA==}
    engines: {node: '>= 10'}
    peerDependencies:
      '@swc/core': '>= 1.4.13'
      '@swc/types': '>= 0.1'

  '@swc-node/register@1.10.10':
    resolution: {integrity: sha512-jYWaI2WNEKz8KZL3sExd2KVL1JMma1/J7z+9iTpv0+fRN7LGMF8VTGGuHI2bug/ztpdZU1G44FG/Kk6ElXL9CQ==}
    peerDependencies:
      '@swc/core': '>= 1.4.13'
      typescript: '>= 4.3'

  '@swc-node/sourcemap-support@0.5.1':
    resolution: {integrity: sha512-JxIvIo/Hrpv0JCHSyRpetAdQ6lB27oFYhv0PKCNf1g2gUXOjpeR1exrXccRxLMuAV5WAmGFBwRnNOJqN38+qtg==}

  '@swc/core-darwin-arm64@1.11.11':
    resolution: {integrity: sha512-vJcjGVDB8cZH7zyOkC0AfpFYI/7GHKG0NSsH3tpuKrmoAXJyCYspKPGid7FT53EAlWreN7+Pew+bukYf5j+Fmg==}
    engines: {node: '>=10'}
    cpu: [arm64]
    os: [darwin]

  '@swc/core-darwin-x64@1.11.11':
    resolution: {integrity: sha512-/N4dGdqEYvD48mCF3QBSycAbbQd3yoZ2YHSzYesQf8usNc2YpIhYqEH3sql02UsxTjEFOJSf1bxZABDdhbSl6A==}
    engines: {node: '>=10'}
    cpu: [x64]
    os: [darwin]

  '@swc/core-linux-arm-gnueabihf@1.11.11':
    resolution: {integrity: sha512-hsBhKK+wVXdN3x9MrL5GW0yT8o9GxteE5zHAI2HJjRQel3HtW7m5Nvwaq+q8rwMf4YQRd8ydbvwl4iUOZx7i2Q==}
    engines: {node: '>=10'}
    cpu: [arm]
    os: [linux]

  '@swc/core-linux-arm64-gnu@1.11.11':
    resolution: {integrity: sha512-YOCdxsqbnn/HMPCNM6nrXUpSndLXMUssGTtzT7ffXqr7WuzRg2e170FVDVQFIkb08E7Ku5uOnnUVAChAJQbMOQ==}
    engines: {node: '>=10'}
    cpu: [arm64]
    os: [linux]

  '@swc/core-linux-arm64-musl@1.11.11':
    resolution: {integrity: sha512-nR2tfdQRRzwqR2XYw9NnBk9Fdvff/b8IiJzDL28gRR2QiJWLaE8LsRovtWrzCOYq6o5Uu9cJ3WbabWthLo4jLw==}
    engines: {node: '>=10'}
    cpu: [arm64]
    os: [linux]

  '@swc/core-linux-x64-gnu@1.11.11':
    resolution: {integrity: sha512-b4gBp5HA9xNWNC5gsYbdzGBJWx4vKSGybGMGOVWWuF+ynx10+0sA/o4XJGuNHm8TEDuNh9YLKf6QkIO8+GPJ1g==}
    engines: {node: '>=10'}
    cpu: [x64]
    os: [linux]

  '@swc/core-linux-x64-musl@1.11.11':
    resolution: {integrity: sha512-dEvqmQVswjNvMBwXNb8q5uSvhWrJLdttBSef3s6UC5oDSwOr00t3RQPzyS3n5qmGJ8UMTdPRmsopxmqaODISdg==}
    engines: {node: '>=10'}
    cpu: [x64]
    os: [linux]

  '@swc/core-win32-arm64-msvc@1.11.11':
    resolution: {integrity: sha512-aZNZznem9WRnw2FbTqVpnclvl8Q2apOBW2B316gZK+qxbe+ktjOUnYaMhdCG3+BYggyIBDOnaJeQrXbKIMmNdw==}
    engines: {node: '>=10'}
    cpu: [arm64]
    os: [win32]

  '@swc/core-win32-ia32-msvc@1.11.11':
    resolution: {integrity: sha512-DjeJn/IfjgOddmJ8IBbWuDK53Fqw7UvOz7kyI/728CSdDYC3LXigzj3ZYs4VvyeOt+ZcQZUB2HA27edOifomGw==}
    engines: {node: '>=10'}
    cpu: [ia32]
    os: [win32]

  '@swc/core-win32-x64-msvc@1.11.11':
    resolution: {integrity: sha512-Gp/SLoeMtsU4n0uRoKDOlGrRC6wCfifq7bqLwSlAG8u8MyJYJCcwjg7ggm0rhLdC2vbiZ+lLVl3kkETp+JUvKg==}
    engines: {node: '>=10'}
    cpu: [x64]
    os: [win32]

  '@swc/core@1.11.11':
    resolution: {integrity: sha512-pCVY2Wn6dV/labNvssk9b3Owi4WOYsapcbWm90XkIj4xH/56Z6gzja9fsU+4MdPuEfC2Smw835nZHcdCFGyX6A==}
    engines: {node: '>=10'}
    peerDependencies:
      '@swc/helpers': '*'
    peerDependenciesMeta:
      '@swc/helpers':
        optional: true

  '@swc/counter@0.1.3':
    resolution: {integrity: sha512-e2BR4lsJkkRlKZ/qCHPw9ZaSxc0MVUd7gtbtaB7aMvHeJVYe8sOB8DBZkP2DtISHGSku9sCK6T6cnY0CtXrOCQ==}

  '@swc/types@0.1.19':
    resolution: {integrity: sha512-WkAZaAfj44kh/UFdAQcrMP1I0nwRqpt27u+08LMBYMqmQfwwMofYoMh/48NGkMMRfC4ynpfwRbJuu8ErfNloeA==}

  '@tybys/wasm-util@0.9.0':
    resolution: {integrity: sha512-6+7nlbMVX/PVDCwaIQ8nTOPveOcFLSt8GcXdx8hD0bt39uWxYT88uXzqTd4fTvqta7oeUJqudepapKNt2DYJFw==}

  '@types/node@20.17.24':
    resolution: {integrity: sha512-d7fGCyB96w9BnWQrOsJtpyiSaBcAYYr75bnK6ZRjDbql2cGLj/3GsL5OYmLPNq76l7Gf2q4Rv9J2o6h5CrD9sA==}

  buffer-from@1.1.2:
    resolution: {integrity: sha512-E+XQCRwSbaaiChtv6k6Dwgc+bx+Bs6vuKJHHl5kox/BaKbhiXzqQOwK4cO22yElGp2OCmjwVhT3HmxgyPGnJfQ==}

  colorette@2.0.20:
    resolution: {integrity: sha512-IfEDxwoWIjkeXL1eXcDiow4UbKjhLdq6/EuSVR9GMN7KVH3r9gQ83e73hsz1Nd1T3ijd5xv1wcWRYO+D6kCI2w==}

  debug@4.4.0:
    resolution: {integrity: sha512-6WTZ/IxCY/T6BALoZHaE4ctp9xm+Z5kY/pzYaCHRFeyVhojxlrm+46y68HA6hr0TcwEssoxNiDEUJQjfPZ/RYA==}
    engines: {node: '>=6.0'}
    peerDependencies:
      supports-color: '*'
    peerDependenciesMeta:
      supports-color:
        optional: true

  ms@2.1.3:
    resolution: {integrity: sha512-6FlzubTLZG3J2a/NVCAleEhjzq5oxgHyaCU9yYXvcLsvoVaHJq/s5xXI6/XXP6tz7R9xAOtHnSO/tXtF3WRTlA==}

  oxc-resolver@5.0.1:
    resolution: {integrity: sha512-BbclyCSxgnqO5mo05RGcwp8rkVdZL7sf0ugEnFWK67DIBAMq5wR0/GQlQCdPiPkpiv9GESAVX2cbh1DMFux/TQ==}

  pirates@4.0.6:
    resolution: {integrity: sha512-saLsH7WeYYPiD25LDuLRRY/i+6HaPYr6G1OUlN39otzkSTxKnubR9RTxS3/Kk50s1g2JTgFwWQDQyplC5/SHZg==}
    engines: {node: '>= 6'}

  piscina@4.9.2:
    resolution: {integrity: sha512-Fq0FERJWFEUpB4eSY59wSNwXD4RYqR+nR/WiEVcZW8IWfVBxJJafcgTEZDQo8k3w0sUarJ8RyVbbUF4GQ2LGbQ==}

  source-map-support@0.5.21:
    resolution: {integrity: sha512-uBHU3L3czsIyYXKX88fdrGovxdSCoTGDRZ6SYXtSRxLZUzHg5P/66Ht6uoUlHu9EZod+inXhKo3qQgwXUT/y1w==}

  source-map@0.6.1:
    resolution: {integrity: sha512-UjgapumWlbMhkBgzT7Ykc5YXUT46F0iKu8SGXq0bcwP5dz/h0Plj6enJqjz1Zbq2l5WaqYnrVbwWOWMyF3F47g==}
    engines: {node: '>=0.10.0'}

  tslib@2.8.1:
    resolution: {integrity: sha512-oJFu94HQb+KVduSUQL7wnpmqnfmLsOA/nAh6b6EH0wCEoK0/mPeXU6c3wKDV83MkOuHPRHtSXKKU99IBazS/2w==}

  typescript@5.7.2:
    resolution: {integrity: sha512-i5t66RHxDvVN40HfDd1PsEThGNnlMCMT3jMUuoh9/0TaqWevNontacunWyN02LA9/fIbEWlcHZcgTKb9QoaLfg==}
    engines: {node: '>=14.17'}
    hasBin: true

  undici-types@6.19.8:
    resolution: {integrity: sha512-ve2KP6f/JnbPBFyobGHuerC9g1FYGn/F8n1LWTwNxCEzd6IfqTwUQcNXgEtmmQ6DlRrC1hrSrBnCZPokRrDHjw==}

snapshots:

  '@emnapi/core@1.3.1':
    dependencies:
      '@emnapi/wasi-threads': 1.0.1
      tslib: 2.8.1
    optional: true

  '@emnapi/runtime@1.3.1':
    dependencies:
      tslib: 2.8.1
    optional: true

  '@emnapi/wasi-threads@1.0.1':
    dependencies:
      tslib: 2.8.1
    optional: true

  '@napi-rs/nice-android-arm-eabi@1.0.1':
    optional: true

  '@napi-rs/nice-android-arm64@1.0.1':
    optional: true

  '@napi-rs/nice-darwin-arm64@1.0.1':
    optional: true

  '@napi-rs/nice-darwin-x64@1.0.1':
    optional: true

  '@napi-rs/nice-freebsd-x64@1.0.1':
    optional: true

  '@napi-rs/nice-linux-arm-gnueabihf@1.0.1':
    optional: true

  '@napi-rs/nice-linux-arm64-gnu@1.0.1':
    optional: true

  '@napi-rs/nice-linux-arm64-musl@1.0.1':
    optional: true

  '@napi-rs/nice-linux-ppc64-gnu@1.0.1':
    optional: true

  '@napi-rs/nice-linux-riscv64-gnu@1.0.1':
    optional: true

  '@napi-rs/nice-linux-s390x-gnu@1.0.1':
    optional: true

  '@napi-rs/nice-linux-x64-gnu@1.0.1':
    optional: true

  '@napi-rs/nice-linux-x64-musl@1.0.1':
    optional: true

  '@napi-rs/nice-win32-arm64-msvc@1.0.1':
    optional: true

  '@napi-rs/nice-win32-ia32-msvc@1.0.1':
    optional: true

  '@napi-rs/nice-win32-x64-msvc@1.0.1':
    optional: true

  '@napi-rs/nice@1.0.1':
    optionalDependencies:
      '@napi-rs/nice-android-arm-eabi': 1.0.1
      '@napi-rs/nice-android-arm64': 1.0.1
      '@napi-rs/nice-darwin-arm64': 1.0.1
      '@napi-rs/nice-darwin-x64': 1.0.1
      '@napi-rs/nice-freebsd-x64': 1.0.1
      '@napi-rs/nice-linux-arm-gnueabihf': 1.0.1
      '@napi-rs/nice-linux-arm64-gnu': 1.0.1
      '@napi-rs/nice-linux-arm64-musl': 1.0.1
      '@napi-rs/nice-linux-ppc64-gnu': 1.0.1
      '@napi-rs/nice-linux-riscv64-gnu': 1.0.1
      '@napi-rs/nice-linux-s390x-gnu': 1.0.1
      '@napi-rs/nice-linux-x64-gnu': 1.0.1
      '@napi-rs/nice-linux-x64-musl': 1.0.1
      '@napi-rs/nice-win32-arm64-msvc': 1.0.1
      '@napi-rs/nice-win32-ia32-msvc': 1.0.1
      '@napi-rs/nice-win32-x64-msvc': 1.0.1
    optional: true

  '@napi-rs/wasm-runtime@0.2.7':
    dependencies:
      '@emnapi/core': 1.3.1
      '@emnapi/runtime': 1.3.1
      '@tybys/wasm-util': 0.9.0
    optional: true

  '@oxc-resolver/binding-darwin-arm64@5.0.1':
    optional: true

  '@oxc-resolver/binding-darwin-x64@5.0.1':
    optional: true

  '@oxc-resolver/binding-freebsd-x64@5.0.1':
    optional: true

  '@oxc-resolver/binding-linux-arm-gnueabihf@5.0.1':
    optional: true

  '@oxc-resolver/binding-linux-arm64-gnu@5.0.1':
    optional: true

  '@oxc-resolver/binding-linux-arm64-musl@5.0.1':
    optional: true

  '@oxc-resolver/binding-linux-x64-gnu@5.0.1':
    optional: true

  '@oxc-resolver/binding-linux-x64-musl@5.0.1':
    optional: true

  '@oxc-resolver/binding-wasm32-wasi@5.0.1':
    dependencies:
      '@napi-rs/wasm-runtime': 0.2.7
    optional: true

  '@oxc-resolver/binding-win32-arm64-msvc@5.0.1':
    optional: true

  '@oxc-resolver/binding-win32-x64-msvc@5.0.1':
    optional: true

  '@swc-node/core@1.13.3(@swc/core@1.11.11)(@swc/types@0.1.19)':
    dependencies:
      '@swc/core': 1.11.11
      '@swc/types': 0.1.19

  '@swc-node/register@1.10.10(@swc/core@1.11.11)(@swc/types@0.1.19)(typescript@5.7.2)':
    dependencies:
      '@swc-node/core': 1.13.3(@swc/core@1.11.11)(@swc/types@0.1.19)
      '@swc-node/sourcemap-support': 0.5.1
      '@swc/core': 1.11.11
      colorette: 2.0.20
      debug: 4.4.0
      oxc-resolver: 5.0.1
      pirates: 4.0.6
      tslib: 2.8.1
      typescript: 5.7.2
    transitivePeerDependencies:
      - '@swc/types'
      - supports-color

  '@swc-node/sourcemap-support@0.5.1':
    dependencies:
      source-map-support: 0.5.21
      tslib: 2.8.1

  '@swc/core-darwin-arm64@1.11.11':
    optional: true

  '@swc/core-darwin-x64@1.11.11':
    optional: true

  '@swc/core-linux-arm-gnueabihf@1.11.11':
    optional: true

  '@swc/core-linux-arm64-gnu@1.11.11':
    optional: true

  '@swc/core-linux-arm64-musl@1.11.11':
    optional: true

  '@swc/core-linux-x64-gnu@1.11.11':
    optional: true

  '@swc/core-linux-x64-musl@1.11.11':
    optional: true

  '@swc/core-win32-arm64-msvc@1.11.11':
    optional: true

  '@swc/core-win32-ia32-msvc@1.11.11':
    optional: true

  '@swc/core-win32-x64-msvc@1.11.11':
    optional: true

  '@swc/core@1.11.11':
    dependencies:
      '@swc/counter': 0.1.3
      '@swc/types': 0.1.19
    optionalDependencies:
      '@swc/core-darwin-arm64': 1.11.11
      '@swc/core-darwin-x64': 1.11.11
      '@swc/core-linux-arm-gnueabihf': 1.11.11
      '@swc/core-linux-arm64-gnu': 1.11.11
      '@swc/core-linux-arm64-musl': 1.11.11
      '@swc/core-linux-x64-gnu': 1.11.11
      '@swc/core-linux-x64-musl': 1.11.11
      '@swc/core-win32-arm64-msvc': 1.11.11
      '@swc/core-win32-ia32-msvc': 1.11.11
      '@swc/core-win32-x64-msvc': 1.11.11

  '@swc/counter@0.1.3': {}

  '@swc/types@0.1.19':
    dependencies:
      '@swc/counter': 0.1.3

  '@tybys/wasm-util@0.9.0':
    dependencies:
      tslib: 2.8.1
    optional: true

  '@types/node@20.17.24':
    dependencies:
      undici-types: 6.19.8

  buffer-from@1.1.2: {}

  colorette@2.0.20: {}

  debug@4.4.0:
    dependencies:
      ms: 2.1.3

  ms@2.1.3: {}

  oxc-resolver@5.0.1:
    optionalDependencies:
      '@oxc-resolver/binding-darwin-arm64': 5.0.1
      '@oxc-resolver/binding-darwin-x64': 5.0.1
      '@oxc-resolver/binding-freebsd-x64': 5.0.1
      '@oxc-resolver/binding-linux-arm-gnueabihf': 5.0.1
      '@oxc-resolver/binding-linux-arm64-gnu': 5.0.1
      '@oxc-resolver/binding-linux-arm64-musl': 5.0.1
      '@oxc-resolver/binding-linux-x64-gnu': 5.0.1
      '@oxc-resolver/binding-linux-x64-musl': 5.0.1
      '@oxc-resolver/binding-wasm32-wasi': 5.0.1
      '@oxc-resolver/binding-win32-arm64-msvc': 5.0.1
      '@oxc-resolver/binding-win32-x64-msvc': 5.0.1

  pirates@4.0.6: {}

  piscina@4.9.2:
    optionalDependencies:
      '@napi-rs/nice': 1.0.1

  source-map-support@0.5.21:
    dependencies:
      buffer-from: 1.1.2
      source-map: 0.6.1

  source-map@0.6.1: {}

  tslib@2.8.1: {}

  typescript@5.7.2: {}

  undici-types@6.19.8: {}
